
Microsoft Visual Studio Solution File, Format Version 12.00
# Visual Studio Version 17
VisualStudioVersion = 17.0.31903.59
MinimumVisualStudioVersion = 10.0.40219.1
Project("{FAE04EC0-301F-11D3-BF4B-00C04F79EFBC}") = "ExportApp", "ExportApp\ExportApp.csproj", "{C3E2DEE2-A9AA-4651-9716-9716036C6BD4}"
EndProject
Project("{FAE04EC0-301F-11D3-BF4B-00C04F79EFBC}") = "ReportPlugin.Abstractions", "ReportPlugin.Abstractions\ReportPlugin.Abstractions.csproj", "{7B7848B2-19FA-4C83-B76D-49FB9FAAD226}"
EndProject
Project("{FAE04EC0-301F-11D3-BF4B-00C04F79EFBC}") = "ReportPlugin.Excel", "ReportPlugin.Excel\ReportPlugin.Excel.csproj", "{BD629E51-1FC6-49D7-B29A-0C8FB6D8E07A}"
EndProject
Project("{FAE04EC0-301F-11D3-BF4B-00C04F79EFBC}") = "ReportPlugin.Word", "ReportPlugin.Word\ReportPlugin.Word.csproj", "{64CD0FFE-C1C3-496F-A786-6D76DC29C480}"
EndProject
Global
	GlobalSection(SolutionConfigurationPlatforms) = preSolution
		Debug|Any CPU = Debug|Any CPU
		Release|Any CPU = Release|Any CPU
	EndGlobalSection
	GlobalSection(SolutionProperties) = preSolution
		HideSolutionNode = FALSE
	EndGlobalSection
	GlobalSection(ProjectConfigurationPlatforms) = postSolution
		{C3E2DEE2-A9AA-4651-9716-9716036C6BD4}.Debug|Any CPU.ActiveCfg = Debug|Any CPU
		{C3E2DEE2-A9AA-4651-9716-9716036C6BD4}.Debug|Any CPU.Build.0 = Debug|Any CPU
		{C3E2DEE2-A9AA-4651-9716-9716036C6BD4}.Release|Any CPU.ActiveCfg = Release|Any CPU
		{C3E2DEE2-A9AA-4651-9716-9716036C6BD4}.Release|Any CPU.Build.0 = Release|Any CPU
		{7B7848B2-19FA-4C83-B76D-49FB9FAAD226}.Debug|Any CPU.ActiveCfg = Debug|Any CPU
		{7B7848B2-19FA-4C83-B76D-49FB9FAAD226}.Debug|Any CPU.Build.0 = Debug|Any CPU
		{7B7848B2-19FA-4C83-B76D-49FB9FAAD226}.Release|Any CPU.ActiveCfg = Release|Any CPU
		{7B7848B2-19FA-4C83-B76D-49FB9FAAD226}.Release|Any CPU.Build.0 = Release|Any CPU
		{BD629E51-1FC6-49D7-B29A-0C8FB6D8E07A}.Debug|Any CPU.ActiveCfg = Debug|Any CPU
		{BD629E51-1FC6-49D7-B29A-0C8FB6D8E07A}.Debug|Any CPU.Build.0 = Debug|Any CPU
		{BD629E51-1FC6-49D7-B29A-0C8FB6D8E07A}.Release|Any CPU.ActiveCfg = Release|Any CPU
		{BD629E51-1FC6-49D7-B29A-0C8FB6D8E07A}.Release|Any CPU.Build.0 = Release|Any CPU
		{64CD0FFE-C1C3-496F-A786-6D76DC29C480}.Debug|Any CPU.ActiveCfg = Debug|Any CPU
		{64CD0FFE-C1C3-496F-A786-6D76DC29C480}.Debug|Any CPU.Build.0 = Debug|Any CPU
		{64CD0FFE-C1C3-496F-A786-6D76DC29C480}.Release|Any CPU.ActiveCfg = Release|Any CPU
		{64CD0FFE-C1C3-496F-A786-6D76DC29C480}.Release|Any CPU.Build.0 = Release|Any CPU
	EndGlobalSection
EndGlobal
