
Microsoft Visual Studio Solution File, Format Version 12.00
# Visual Studio Version 17
VisualStudioVersion = 17.0.31903.59
MinimumVisualStudioVersion = 10.0.40219.1
Project("{FAE04EC0-301F-11D3-BF4B-00C04F79EFBC}") = "OfficeExportDemo", "OfficeExportDemo.csproj", "{4A11D1A4-AB56-4CBD-BDBC-B3A6C56E5534}"
EndProject
Project("{FAE04EC0-301F-11D3-BF4B-00C04F79EFBC}") = "ReportPlugin.Abstractions", "ReportPlugin.Abstractions\ReportPlugin.Abstractions.csproj", "{301AF193-FC43-45F5-B30E-7940A2E76ED7}"
EndProject
Project("{FAE04EC0-301F-11D3-BF4B-00C04F79EFBC}") = "ReportPlugin.Excel", "ReportPlugin.Excel\ReportPlugin.Excel.csproj", "{508D0C61-AAA3-423F-A20E-EAEEEB8B0805}"
EndProject
Project("{FAE04EC0-301F-11D3-BF4B-00C04F79EFBC}") = "ReportPlugin.Word", "ReportPlugin.Word\ReportPlugin.Word.csproj", "{6838E789-A55D-481F-A1FA-31E731A19B2F}"
EndProject
Global
	GlobalSection(SolutionConfigurationPlatforms) = preSolution
		Debug|Any CPU = Debug|Any CPU
		Release|Any CPU = Release|Any CPU
	EndGlobalSection
	GlobalSection(SolutionProperties) = preSolution
		HideSolutionNode = FALSE
	EndGlobalSection
	GlobalSection(ProjectConfigurationPlatforms) = postSolution
		{4A11D1A4-AB56-4CBD-BDBC-B3A6C56E5534}.Debug|Any CPU.ActiveCfg = Debug|Any CPU
		{4A11D1A4-AB56-4CBD-BDBC-B3A6C56E5534}.Debug|Any CPU.Build.0 = Debug|Any CPU
		{4A11D1A4-AB56-4CBD-BDBC-B3A6C56E5534}.Release|Any CPU.ActiveCfg = Release|Any CPU
		{4A11D1A4-AB56-4CBD-BDBC-B3A6C56E5534}.Release|Any CPU.Build.0 = Release|Any CPU
		{301AF193-FC43-45F5-B30E-7940A2E76ED7}.Debug|Any CPU.ActiveCfg = Debug|Any CPU
		{301AF193-FC43-45F5-B30E-7940A2E76ED7}.Debug|Any CPU.Build.0 = Debug|Any CPU
		{301AF193-FC43-45F5-B30E-7940A2E76ED7}.Release|Any CPU.ActiveCfg = Release|Any CPU
		{301AF193-FC43-45F5-B30E-7940A2E76ED7}.Release|Any CPU.Build.0 = Release|Any CPU
		{508D0C61-AAA3-423F-A20E-EAEEEB8B0805}.Debug|Any CPU.ActiveCfg = Debug|Any CPU
		{508D0C61-AAA3-423F-A20E-EAEEEB8B0805}.Debug|Any CPU.Build.0 = Debug|Any CPU
		{508D0C61-AAA3-423F-A20E-EAEEEB8B0805}.Release|Any CPU.ActiveCfg = Release|Any CPU
		{508D0C61-AAA3-423F-A20E-EAEEEB8B0805}.Release|Any CPU.Build.0 = Release|Any CPU
		{6838E789-A55D-481F-A1FA-31E731A19B2F}.Debug|Any CPU.ActiveCfg = Debug|Any CPU
		{6838E789-A55D-481F-A1FA-31E731A19B2F}.Debug|Any CPU.Build.0 = Debug|Any CPU
		{6838E789-A55D-481F-A1FA-31E731A19B2F}.Release|Any CPU.ActiveCfg = Release|Any CPU
		{6838E789-A55D-481F-A1FA-31E731A19B2F}.Release|Any CPU.Build.0 = Release|Any CPU
	EndGlobalSection
EndGlobal
